
Microsoft Visual Studio Solution File, Format Version 12.00
# Visual Studio Version 16
VisualStudioVersion = 16.0.30204.135
MinimumVisualStudioVersion = 10.0.40219.1
Project("{9A19103F-16F7-4668-BE54-9A1E7A4F7556}") = "PlanningService", "PlanningService\PlanningService.csproj", "{7DA14FD9-DCFD-48B9-98A3-F2CFDC4FCFA6}"
EndProject
Global
	GlobalSection(SolutionConfigurationPlatforms) = preSolution
		Debug|Any CPU = Debug|Any CPU
		Release|Any CPU = Release|Any CPU
	EndGlobalSection
	GlobalSection(ProjectConfigurationPlatforms) = postSolution
		{7DA14FD9-DCFD-48B9-98A3-F2CFDC4FCFA6}.Debug|Any CPU.ActiveCfg = Debug|Any CPU
		{7DA14FD9-DCFD-48B9-98A3-F2CFDC4FCFA6}.Debug|Any CPU.Build.0 = Debug|Any CPU
		{7DA14FD9-DCFD-48B9-98A3-F2CFDC4FCFA6}.Release|Any CPU.ActiveCfg = Release|Any CPU
		{7DA14FD9-DCFD-48B9-98A3-F2CFDC4FCFA6}.Release|Any CPU.Build.0 = Release|Any CPU
	EndGlobalSection
	GlobalSection(SolutionProperties) = preSolution
		HideSolutionNode = FALSE
	EndGlobalSection
	GlobalSection(ExtensibilityGlobals) = postSolution
		SolutionGuid = {A71AF0DE-6F82-466A-BD79-0E66F4927651}
	EndGlobalSection
EndGlobal
